
Microsoft Visual Studio Solution File, Format Version 12.00
# Visual Studio Version 17
VisualStudioVersion = 17.7.34031.279
MinimumVisualStudioVersion = 10.0.40219.1
Project("{FAE04EC0-301F-11D3-BF4B-00C04F79EFBC}") = "ProjectTravel", "ProjectTravel\ProjectTravel.csproj", "{C13CAADF-ABB3-4EE8-8A51-61DD0EB0FCE1}"
EndProject
Global
	GlobalSection(SolutionConfigurationPlatforms) = preSolution
		Debug|Any CPU = Debug|Any CPU
		Release|Any CPU = Release|Any CPU
	EndGlobalSection
	GlobalSection(ProjectConfigurationPlatforms) = postSolution
		{C13CAADF-ABB3-4EE8-8A51-61DD0EB0FCE1}.Debug|Any CPU.ActiveCfg = Debug|Any CPU
		{C13CAADF-ABB3-4EE8-8A51-61DD0EB0FCE1}.Debug|Any CPU.Build.0 = Debug|Any CPU
		{C13CAADF-ABB3-4EE8-8A51-61DD0EB0FCE1}.Release|Any CPU.ActiveCfg = Release|Any CPU
		{C13CAADF-ABB3-4EE8-8A51-61DD0EB0FCE1}.Release|Any CPU.Build.0 = Release|Any CPU
	EndGlobalSection
	GlobalSection(SolutionProperties) = preSolution
		HideSolutionNode = FALSE
	EndGlobalSection
	GlobalSection(ExtensibilityGlobals) = postSolution
		SolutionGuid = {7965D6A7-EEDA-4136-AA41-37ACADCC5868}
	EndGlobalSection
EndGlobal
